{
  "version": 4,
  "terraform_version": "1.9.4",
  "serial": 786,
  "lineage": "8ec3ac51-86e8-7f08-a288-353852e9dc10",
  "outputs": {},
  "resources": [
    {
      "mode": "data",
      "type": "aws_availability_zones",
      "name": "list-of-AZs",
      "provider": "provider[\"registry.terraform.io/hashicorp/aws\"]",
      "instances": [
        {
          "schema_version": 0,
          "attributes": {
            "all_availability_zones": null,
            "exclude_names": null,
            "exclude_zone_ids": null,
            "filter": [
              {
                "name": "region-name",
                "values": [
                  "ap-south-1"
                ]
              }
            ],
            "group_names": [
              "ap-south-1"
            ],
            "id": "ap-south-1",
            "names": [
              "ap-south-1a",
              "ap-south-1b",
              "ap-south-1c"
            ],
            "state": "available",
            "timeouts": null,
            "zone_ids": [
              "aps1-az1",
              "aps1-az3",
              "aps1-az2"
            ]
          },
          "sensitive_attributes": []
        }
      ]
    },
    {
      "mode": "managed",
      "type": "aws_autoscaling_group",
      "name": "worker-nodes-asg",
      "provider": "provider[\"registry.terraform.io/hashicorp/aws\"]",
      "instances": [
        {
          "schema_version": 1,
          "attributes": {
            "arn": "arn:aws:autoscaling:ap-south-1:975049939172:autoScalingGroup:7febaabc-c097-4d1e-8ab1-3456bac8befc:autoScalingGroupName/k8s-on-spot-2024081607554002130000000a",
            "availability_zones": [
              "ap-south-1a",
              "ap-south-1b",
              "ap-south-1c"
            ],
            "capacity_rebalance": false,
            "context": "",
            "default_cooldown": 300,
            "default_instance_warmup": 0,
            "desired_capacity": 2,
            "desired_capacity_type": "",
            "enabled_metrics": [],
            "force_delete": false,
            "force_delete_warm_pool": false,
            "health_check_grace_period": 300,
            "health_check_type": "EC2",
            "id": "k8s-on-spot-2024081607554002130000000a",
            "ignore_failed_scaling_activities": false,
            "initial_lifecycle_hook": [],
            "instance_maintenance_policy": [],
            "instance_refresh": [],
            "launch_configuration": "",
            "launch_template": [],
            "load_balancers": [],
            "max_instance_lifetime": 0,
            "max_size": 4,
            "metrics_granularity": "1Minute",
            "min_elb_capacity": null,
            "min_size": 2,
            "mixed_instances_policy": [
              {
                "instances_distribution": [
                  {
                    "on_demand_allocation_strategy": "lowest-price",
                    "on_demand_base_capacity": 0,
                    "on_demand_percentage_above_base_capacity": 0,
                    "spot_allocation_strategy": "lowest-price",
                    "spot_instance_pools": 2,
                    "spot_max_price": ""
                  }
                ],
                "launch_template": [
                  {
                    "launch_template_specification": [
                      {
                        "launch_template_id": "lt-048dbfa87da45bb78",
                        "launch_template_name": "k8s-on-spot-20240816075520276700000007",
                        "version": "$Latest"
                      }
                    ],
                    "override": [
                      {
                        "instance_requirements": [
                          {
                            "accelerator_count": [],
                            "accelerator_manufacturers": [],
                            "accelerator_names": [],
                            "accelerator_total_memory_mib": [],
                            "accelerator_types": [],
                            "allowed_instance_types": [],
                            "bare_metal": "",
                            "baseline_ebs_bandwidth_mbps": [],
                            "burstable_performance": "",
                            "cpu_manufacturers": [],
                            "excluded_instance_types": [],
                            "instance_generations": [],
                            "local_storage": "",
                            "local_storage_types": [],
                            "max_spot_price_as_percentage_of_optimal_on_demand_price": 0,
                            "memory_gib_per_vcpu": [],
                            "memory_mib": [
                              {
                                "max": 6000,
                                "min": 4000
                              }
                            ],
                            "network_bandwidth_gbps": [],
                            "network_interface_count": [],
                            "on_demand_max_price_percentage_over_lowest_price": 0,
                            "require_hibernate_support": false,
                            "spot_max_price_percentage_over_lowest_price": 0,
                            "total_local_storage_gb": [],
                            "vcpu_count": [
                              {
                                "max": 4,
                                "min": 2
                              }
                            ]
                          }
                        ],
                        "instance_type": "",
                        "launch_template_specification": [],
                        "weighted_capacity": ""
                      }
                    ]
                  }
                ]
              }
            ],
            "name": "k8s-on-spot-2024081607554002130000000a",
            "name_prefix": "k8s-on-spot-",
            "placement_group": "",
            "predicted_capacity": 0,
            "protect_from_scale_in": false,
            "service_linked_role_arn": "arn:aws:iam::975049939172:role/aws-service-role/autoscaling.amazonaws.com/AWSServiceRoleForAutoScaling",
            "suspended_processes": [],
            "tag": [],
            "target_group_arns": [],
            "termination_policies": [],
            "timeouts": null,
            "traffic_source": [],
            "vpc_zone_identifier": [],
            "wait_for_capacity_timeout": "10m",
            "wait_for_elb_capacity": null,
            "warm_pool": [],
            "warm_pool_size": 0
          },
          "sensitive_attributes": [],
          "private": "eyJlMmJmYjczMC1lY2FhLTExZTYtOGY4OC0zNDM2M2JjN2M0YzAiOnsiZGVsZXRlIjo2MDAwMDAwMDAwMDAsInVwZGF0ZSI6NjAwMDAwMDAwMDAwfSwic2NoZW1hX3ZlcnNpb24iOiIxIn0=",
          "dependencies": [
            "aws_iam_instance_profile.instance-profile-for-master-node",
            "aws_iam_instance_profile.instance-profile-for-worker-node",
            "aws_iam_role.master-node-role",
            "aws_iam_role.worker-node-role",
            "aws_instance.master-node",
            "aws_launch_template.worker-nodes-lt",
            "aws_ssm_parameter.master-node-id-param",
            "data.aws_availability_zones.list-of-AZs"
          ]
        }
      ]
    },
    {
      "mode": "managed",
      "type": "aws_cloudwatch_event_rule",
      "name": "spot-int-warn",
      "provider": "provider[\"registry.terraform.io/hashicorp/aws\"]",
      "instances": [
        {
          "schema_version": 1,
          "attributes": {
            "arn": "arn:aws:events:ap-south-1:975049939172:rule/k8s-on-spot-20240816075346789100000001",
            "description": "Rule to capture Spot Instance Interruption Warning event",
            "event_bus_name": "default",
            "event_pattern": "{\"detail-type\":[\"EC2 Spot Instance Interruption Warning\"],\"source\":[\"aws.ec2\"]}",
            "force_destroy": false,
            "id": "k8s-on-spot-20240816075346789100000001",
            "is_enabled": true,
            "name": "k8s-on-spot-20240816075346789100000001",
            "name_prefix": "k8s-on-spot-",
            "role_arn": "",
            "schedule_expression": "",
            "state": "ENABLED",
            "tags": {},
            "tags_all": {}
          },
          "sensitive_attributes": [],
          "private": "eyJzY2hlbWFfdmVyc2lvbiI6IjEifQ=="
        }
      ]
    },
    {
      "mode": "managed",
      "type": "aws_cloudwatch_event_target",
      "name": "spot-int-warn-target",
      "provider": "provider[\"registry.terraform.io/hashicorp/aws\"]",
      "instances": [
        {
          "schema_version": 1,
          "attributes": {
            "arn": "arn:aws:ssm:ap-south-1::document/AWS-RunShellScript",
            "batch_target": [],
            "dead_letter_config": [],
            "ecs_target": [],
            "event_bus_name": "default",
            "force_destroy": false,
            "http_target": [],
            "id": "k8s-on-spot-20240816075346789100000001-terraform-20240816075539649700000009",
            "input": "",
            "input_path": "",
            "input_transformer": [
              {
                "input_paths": {
                  "spot_instance_id": "$.detail.instance-id"
                },
                "input_template": "{\"commands\": [\"sudo -H -u ubuntu bash -c 'kubectl drain \u003cspot_instance_id\u003e --ignore-daemonsets \u0026\u0026 kubectl delete node \u003cspot_instance_id\u003e'\"]}"
              }
            ],
            "kinesis_target": [],
            "redshift_target": [],
            "retry_policy": [],
            "role_arn": "arn:aws:iam::975049939172:role/k8s-on-spot-20240816075349197700000002",
            "rule": "k8s-on-spot-20240816075346789100000001",
            "run_command_targets": [
              {
                "key": "InstanceIds",
                "values": [
                  "i-072c532c22ba4ad82"
                ]
              }
            ],
            "sagemaker_pipeline_target": [],
            "sqs_target": [],
            "target_id": "terraform-20240816075539649700000009"
          },
          "sensitive_attributes": [],
          "private": "eyJzY2hlbWFfdmVyc2lvbiI6IjEifQ==",
          "dependencies": [
            "aws_cloudwatch_event_rule.spot-int-warn",
            "aws_iam_instance_profile.instance-profile-for-master-node",
            "aws_iam_role.eventbridge-role",
            "aws_iam_role.master-node-role",
            "aws_instance.master-node"
          ]
        }
      ]
    },
    {
      "mode": "managed",
      "type": "aws_iam_instance_profile",
      "name": "instance-profile-for-master-node",
      "provider": "provider[\"registry.terraform.io/hashicorp/aws\"]",
      "instances": [
        {
          "schema_version": 0,
          "attributes": {
            "arn": "arn:aws:iam::975049939172:instance-profile/k8s-on-spot-20240816075517213700000005",
            "create_date": "2024-08-16T07:55:17Z",
            "id": "k8s-on-spot-20240816075517213700000005",
            "name": "k8s-on-spot-20240816075517213700000005",
            "name_prefix": "k8s-on-spot-",
            "path": "/",
            "role": "k8s-on-spot-20240816075515168000000003",
            "tags": {},
            "tags_all": {},
            "unique_id": "AIPA6GBMBLDSM3Q3OMR6H"
          },
          "sensitive_attributes": [],
          "private": "bnVsbA==",
          "dependencies": [
            "aws_iam_role.master-node-role"
          ]
        }
      ]
    },
    {
      "mode": "managed",
      "type": "aws_iam_instance_profile",
      "name": "instance-profile-for-worker-node",
      "provider": "provider[\"registry.terraform.io/hashicorp/aws\"]",
      "instances": [
        {
          "schema_version": 0,
          "attributes": {
            "arn": "arn:aws:iam::975049939172:instance-profile/k8s-on-spot-20240816075518738600000006",
            "create_date": "2024-08-16T07:55:18Z",
            "id": "k8s-on-spot-20240816075518738600000006",
            "name": "k8s-on-spot-20240816075518738600000006",
            "name_prefix": "k8s-on-spot-",
            "path": "/",
            "role": "k8s-on-spot-20240816075515967800000004",
            "tags": {},
            "tags_all": {},
            "unique_id": "AIPA6GBMBLDSI5AMTUIFH"
          },
          "sensitive_attributes": [],
          "private": "bnVsbA==",
          "dependencies": [
            "aws_iam_role.worker-node-role"
          ]
        }
      ]
    },
    {
      "mode": "managed",
      "type": "aws_iam_role",
      "name": "eventbridge-role",
      "provider": "provider[\"registry.terraform.io/hashicorp/aws\"]",
      "instances": [
        {
          "schema_version": 0,
          "attributes": {
            "arn": "arn:aws:iam::975049939172:role/k8s-on-spot-20240816075349197700000002",
            "assume_role_policy": "{\"Statement\":[{\"Action\":\"sts:AssumeRole\",\"Effect\":\"Allow\",\"Principal\":{\"Service\":\"events.amazonaws.com\"},\"Sid\":\"\"}],\"Version\":\"2012-10-17\"}",
            "create_date": "2024-08-16T07:53:49Z",
            "description": "",
            "force_detach_policies": false,
            "id": "k8s-on-spot-20240816075349197700000002",
            "inline_policy": [
              {
                "name": "k8s-worker-node-inline-policy",
                "policy": "{\"Version\":\"2012-10-17\",\"Statement\":[{\"Action\":[\"ssm:SendCommand\",\"ssm:ListCommandInvocations\",\"ssm:GetCommandInvocation\"],\"Effect\":\"Allow\",\"Resource\":[\"*\"]}]}"
              }
            ],
            "managed_policy_arns": [],
            "max_session_duration": 3600,
            "name": "k8s-on-spot-20240816075349197700000002",
            "name_prefix": "k8s-on-spot-",
            "path": "/",
            "permissions_boundary": "",
            "tags": {},
            "tags_all": {},
            "unique_id": "AROA6GBMBLDSG63XDBCBB"
          },
          "sensitive_attributes": [],
          "private": "bnVsbA=="
        }
      ]
    },
    {
      "mode": "managed",
      "type": "aws_iam_role",
      "name": "master-node-role",
      "provider": "provider[\"registry.terraform.io/hashicorp/aws\"]",
      "instances": [
        {
          "schema_version": 0,
          "attributes": {
            "arn": "arn:aws:iam::975049939172:role/k8s-on-spot-20240816075515168000000003",
            "assume_role_policy": "{\"Statement\":[{\"Action\":\"sts:AssumeRole\",\"Effect\":\"Allow\",\"Principal\":{\"Service\":\"ec2.amazonaws.com\"},\"Sid\":\"\"}],\"Version\":\"2012-10-17\"}",
            "create_date": "2024-08-16T07:55:15Z",
            "description": "",
            "force_detach_policies": false,
            "id": "k8s-on-spot-20240816075515168000000003",
            "inline_policy": [],
            "managed_policy_arns": [
              "arn:aws:iam::aws:policy/AmazonSSMManagedInstanceCore"
            ],
            "max_session_duration": 3600,
            "name": "k8s-on-spot-20240816075515168000000003",
            "name_prefix": "k8s-on-spot-",
            "path": "/",
            "permissions_boundary": "",
            "tags": {},
            "tags_all": {},
            "unique_id": "AROA6GBMBLDSAGZQX72HH"
          },
          "sensitive_attributes": [],
          "private": "bnVsbA=="
        }
      ]
    },
    {
      "mode": "managed",
      "type": "aws_iam_role",
      "name": "worker-node-role",
      "provider": "provider[\"registry.terraform.io/hashicorp/aws\"]",
      "instances": [
        {
          "schema_version": 0,
          "attributes": {
            "arn": "arn:aws:iam::975049939172:role/k8s-on-spot-20240816075515967800000004",
            "assume_role_policy": "{\"Statement\":[{\"Action\":\"sts:AssumeRole\",\"Effect\":\"Allow\",\"Principal\":{\"Service\":\"ec2.amazonaws.com\"},\"Sid\":\"\"}],\"Version\":\"2012-10-17\"}",
            "create_date": "2024-08-16T07:55:16Z",
            "description": "",
            "force_detach_policies": false,
            "id": "k8s-on-spot-20240816075515967800000004",
            "inline_policy": [
              {
                "name": "k8s-worker-node-inline-policy",
                "policy": "{\"Version\":\"2012-10-17\",\"Statement\":[{\"Action\":[\"ssm:SendCommand\",\"ssm:ListCommandInvocations\",\"ssm:GetCommandInvocation\"],\"Effect\":\"Allow\",\"Resource\":[\"*\"]}]}"
              }
            ],
            "managed_policy_arns": [
              "arn:aws:iam::aws:policy/AmazonSSMManagedInstanceCore"
            ],
            "max_session_duration": 3600,
            "name": "k8s-on-spot-20240816075515967800000004",
            "name_prefix": "k8s-on-spot-",
            "path": "/",
            "permissions_boundary": "",
            "tags": {},
            "tags_all": {},
            "unique_id": "AROA6GBMBLDSLMZ6SSNXU"
          },
          "sensitive_attributes": [],
          "private": "bnVsbA=="
        }
      ]
    },
    {
      "mode": "managed",
      "type": "aws_instance",
      "name": "master-node",
      "provider": "provider[\"registry.terraform.io/hashicorp/aws\"]",
      "instances": [
        {
          "schema_version": 1,
          "attributes": {
            "ami": "ami-0ad21ae1d0696ad58",
            "arn": "arn:aws:ec2:ap-south-1:975049939172:instance/i-072c532c22ba4ad82",
            "associate_public_ip_address": true,
            "availability_zone": "ap-south-1a",
            "capacity_reservation_specification": [
              {
                "capacity_reservation_preference": "open",
                "capacity_reservation_target": []
              }
            ],
            "cpu_core_count": 1,
            "cpu_options": [
              {
                "amd_sev_snp": "",
                "core_count": 1,
                "threads_per_core": 2
              }
            ],
            "cpu_threads_per_core": 2,
            "credit_specification": [
              {
                "cpu_credits": "unlimited"
              }
            ],
            "disable_api_stop": false,
            "disable_api_termination": false,
            "ebs_block_device": [],
            "ebs_optimized": false,
            "enclave_options": [
              {
                "enabled": false
              }
            ],
            "ephemeral_block_device": [],
            "get_password_data": false,
            "hibernation": false,
            "host_id": "",
            "host_resource_group_arn": null,
            "iam_instance_profile": "k8s-on-spot-20240816075517213700000005",
            "id": "i-072c532c22ba4ad82",
            "instance_initiated_shutdown_behavior": "stop",
            "instance_lifecycle": "",
            "instance_market_options": [],
            "instance_state": "running",
            "instance_type": "t3.medium",
            "ipv6_address_count": 0,
            "ipv6_addresses": [],
            "key_name": "key-pair-2",
            "launch_template": [],
            "maintenance_options": [
              {
                "auto_recovery": "default"
              }
            ],
            "metadata_options": [
              {
                "http_endpoint": "enabled",
                "http_protocol_ipv6": "disabled",
                "http_put_response_hop_limit": 2,
                "http_tokens": "required",
                "instance_metadata_tags": "disabled"
              }
            ],
            "monitoring": false,
            "network_interface": [],
            "outpost_arn": "",
            "password_data": "",
            "placement_group": "",
            "placement_partition_number": 0,
            "primary_network_interface_id": "eni-0387dded5283d8816",
            "private_dns": "ip-172-31-45-86.ap-south-1.compute.internal",
            "private_dns_name_options": [
              {
                "enable_resource_name_dns_a_record": false,
                "enable_resource_name_dns_aaaa_record": false,
                "hostname_type": "ip-name"
              }
            ],
            "private_ip": "172.31.45.86",
            "public_dns": "ec2-13-201-70-15.ap-south-1.compute.amazonaws.com",
            "public_ip": "13.201.70.15",
            "root_block_device": [
              {
                "delete_on_termination": true,
                "device_name": "/dev/sda1",
                "encrypted": false,
                "iops": 3000,
                "kms_key_id": "",
                "tags": {},
                "tags_all": {},
                "throughput": 125,
                "volume_id": "vol-09427a81071b94f8b",
                "volume_size": 8,
                "volume_type": "gp3"
              }
            ],
            "secondary_private_ips": [],
            "security_groups": [
              "default"
            ],
            "source_dest_check": true,
            "spot_instance_request_id": "",
            "subnet_id": "subnet-0fb84420e5db92787",
            "tags": {
              "Name": "k8s-on-spot-master-node",
              "node-type": "master",
              "owner": "santhosh",
              "project": "k8s-on-spot"
            },
            "tags_all": {
              "Name": "k8s-on-spot-master-node",
              "node-type": "master",
              "owner": "santhosh",
              "project": "k8s-on-spot"
            },
            "tenancy": "default",
            "timeouts": null,
            "user_data": "d51024ad2e1a94b3c7538c65e9988eac9def1ceb",
            "user_data_base64": null,
            "user_data_replace_on_change": false,
            "volume_tags": null,
            "vpc_security_group_ids": [
              "sg-01ea920e733bef4ee"
            ]
          },
          "sensitive_attributes": [],
          "private": "eyJlMmJmYjczMC1lY2FhLTExZTYtOGY4OC0zNDM2M2JjN2M0YzAiOnsiY3JlYXRlIjo2MDAwMDAwMDAwMDAsImRlbGV0ZSI6MTIwMDAwMDAwMDAwMCwicmVhZCI6OTAwMDAwMDAwMDAwLCJ1cGRhdGUiOjYwMDAwMDAwMDAwMH0sInNjaGVtYV92ZXJzaW9uIjoiMSJ9",
          "dependencies": [
            "aws_iam_instance_profile.instance-profile-for-master-node",
            "aws_iam_role.master-node-role"
          ]
        }
      ]
    },
    {
      "mode": "managed",
      "type": "aws_launch_template",
      "name": "worker-nodes-lt",
      "provider": "provider[\"registry.terraform.io/hashicorp/aws\"]",
      "instances": [
        {
          "schema_version": 0,
          "attributes": {
            "arn": "arn:aws:ec2:ap-south-1:975049939172:launch-template/lt-048dbfa87da45bb78",
            "block_device_mappings": [],
            "capacity_reservation_specification": [],
            "cpu_options": [],
            "credit_specification": [],
            "default_version": 1,
            "description": "Launch template to define basic worker node requirement",
            "disable_api_stop": false,
            "disable_api_termination": false,
            "ebs_optimized": "",
            "elastic_gpu_specifications": [],
            "elastic_inference_accelerator": [],
            "enclave_options": [],
            "hibernation_options": [],
            "iam_instance_profile": [
              {
                "arn": "",
                "name": "k8s-on-spot-20240816075518738600000006"
              }
            ],
            "id": "lt-048dbfa87da45bb78",
            "image_id": "ami-0ad21ae1d0696ad58",
            "instance_initiated_shutdown_behavior": "",
            "instance_market_options": [],
            "instance_requirements": [],
            "instance_type": "",
            "kernel_id": "",
            "key_name": "key-pair-2",
            "latest_version": 1,
            "license_specification": [],
            "maintenance_options": [],
            "metadata_options": [],
            "monitoring": [],
            "name": "k8s-on-spot-20240816075520276700000007",
            "name_prefix": "k8s-on-spot-",
            "network_interfaces": [],
            "placement": [],
            "private_dns_name_options": [],
            "ram_disk_id": "",
            "security_group_names": [],
            "tag_specifications": [
              {
                "resource_type": "instance",
                "tags": {
                  "Name": "k8s-on-spot-worker-node",
                  "node-type": "worker",
                  "owner": "santhosh",
                  "project": "k8s-on-spot"
                }
              }
            ],
            "tags": {
              "owner": "santhosh",
              "project": "k8s-on-spot"
            },
            "tags_all": {
              "owner": "santhosh",
              "project": "k8s-on-spot"
            },
            "update_default_version": null,
            "user_data": "IyEvYmluL2Jhc2gKCnN1ZG8gYXB0IHVwZGF0ZSAteQpzdWRvIGFwdCBpbnN0YWxsIHdnZXQgY3VybCB2aW0gZ2l0IHVuemlwIC15CgpjdXJsICJodHRwczovL2F3c2NsaS5hbWF6b25hd3MuY29tL2F3c2NsaS1leGUtbGludXgteDg2XzY0LnppcCIgLW8gImF3c2NsaXYyLnppcCIKdW56aXAgYXdzY2xpdjIuemlwCnN1ZG8gLi9hd3MvaW5zdGFsbAoKZWNobyAiZGViIFtzaWduZWQtYnk9L2V0Yy9hcHQva2V5cmluZ3Mva3ViZXJuZXRlcy1hcHQta2V5cmluZy5ncGddIGh0dHBzOi8vcGtncy5rOHMuaW8vY29yZTovc3RhYmxlOi92MS4zMC9kZWIvIC8iIHwgc3VkbyB0ZWUgL2V0Yy9hcHQvc291cmNlcy5saXN0LmQva3ViZXJuZXRlcy5saXN0CmN1cmwgLWZzU0wgaHR0cHM6Ly9wa2dzLms4cy5pby9jb3JlOi9zdGFibGU6L3YxLjMwL2RlYi9SZWxlYXNlLmtleSB8IHN1ZG8gZ3BnIC0tZGVhcm1vciAtbyAvZXRjL2FwdC9rZXlyaW5ncy9rdWJlcm5ldGVzLWFwdC1rZXlyaW5nLmdwZwoKc3VkbyBhcHQgdXBkYXRlIC15CnN1ZG8gYXB0IGluc3RhbGwgY29udGFpbmVyZCBrdWJlbGV0IGt1YmVhZG0ga3ViZWN0bCAteQoKc3VkbyBhcHQtbWFyayBob2xkIGt1YmVsZXQga3ViZWFkbSBrdWJlY3RsCgpzdWRvIHRlZSAvZXRjL3N5c2N0bC5kL2t1YmVybmV0ZXMuY29uZjw8RU9GCm5ldC5icmlkZ2UuYnJpZGdlLW5mLWNhbGwtaXA2dGFibGVzID0gMQpuZXQuYnJpZGdlLmJyaWRnZS1uZi1jYWxsLWlwdGFibGVzID0gMQpuZXQuaXB2NC5pcF9mb3J3YXJkID0gMQpFT0YKCnN1ZG8gdGVlIC9ldGMvbW9kdWxlcy1sb2FkLmQvazhzLmNvbmYgPDxFT0YKb3ZlcmxheQpicl9uZXRmaWx0ZXIKRU9GCgpzdWRvIHN5c2N0bCAtLXN5c3RlbQoKCnN1ZG8gbWtkaXIgL2V0Yy9jb250YWluZXJkLwpzdWRvIHNoIC1jICdjb250YWluZXJkIGNvbmZpZyBkZWZhdWx0ID4gL2V0Yy9jb250YWluZXJkL2NvbmZpZy50b21sJwoKc3VkbyBtb2Rwcm9iZSBvdmVybGF5CnN1ZG8gbW9kcHJvYmUgYnJfbmV0ZmlsdGVyCgpzdWRvIHN5c3RlbWN0bCByZXN0YXJ0IGNvbnRhaW5lcmQKc3VkbyBzeXN0ZW1jdGwgZW5hYmxlIGNvbnRhaW5lcmQKCnN1ZG8gc3lzdGVtY3RsIHJlc3RhcnQga3ViZWxldApzdWRvIHN5c3RlbWN0bCBlbmFibGUga3ViZWxldAoKIyBGZXRjaCBJbnN0YW5jZSBJRApUT0tFTj0kKGN1cmwgLVggUFVUICJodHRwOi8vMTY5LjI1NC4xNjkuMjU0L2xhdGVzdC9hcGkvdG9rZW4iIC1IICJYLWF3cy1lYzItbWV0YWRhdGEtdG9rZW4tdHRsLXNlY29uZHM6IDYwIikKTVlfSU5TVEFOQ0VfSUQ9JChjdXJsIC1IICJYLWF3cy1lYzItbWV0YWRhdGEtdG9rZW46ICRUT0tFTiIgaHR0cDovLzE2OS4yNTQuMTY5LjI1NC9sYXRlc3QvbWV0YS1kYXRhL2luc3RhbmNlLWlkKQoKIyBWYXJpYWJsZXMKTUFTVEVSX0lOU1RBTkNFX0lEPSQoYXdzIHNzbSBnZXQtcGFyYW1ldGVyIC0tbmFtZT0iL2s4cy1vbi1zcG90L21hc3Rlci1ub2RlLWlkIiAtLXF1ZXJ5ICdQYXJhbWV0ZXIuVmFsdWUnIC0tb3V0cHV0IHRleHQpCkNPTU1BTkQ9InN1ZG8ga3ViZWFkbSB0b2tlbiBjcmVhdGUgLS10dGw9MTBtIC0tcHJpbnQtam9pbi1jb21tYW5kIgoKIyBTZW5kIHRoZSBjb21tYW5kCkNPTU1BTkRfSUQ9JChhd3Mgc3NtIHNlbmQtY29tbWFuZCBcCiAgICAtLWluc3RhbmNlLWlkcyAiJE1BU1RFUl9JTlNUQU5DRV9JRCIgXAogICAgLS1kb2N1bWVudC1uYW1lICJBV1MtUnVuU2hlbGxTY3JpcHQiIFwKICAgIC0tcGFyYW1ldGVycyBjb21tYW5kcz0iJENPTU1BTkQiIFwKICAgIC0tcXVlcnkgIkNvbW1hbmQuQ29tbWFuZElkIiBcCiAgICAtLW91dHB1dCB0ZXh0KQoKZWNobyAiU3RhcnRpbmcgdG8gZ2V0IEt1YmVybmV0ZXMgQ2x1c3RlciBKb2luIGNvbW1hbmQuLi4iCgojIExvb3AgdG8gY2hlY2sgdGhlIHN0YXR1cyBvZiB0aGUgY29tbWFuZCBpbmRlZmluaXRlbHkKd2hpbGUgdHJ1ZTsgZG8KICAgIFNUQVRVUz0kKGF3cyBzc20gbGlzdC1jb21tYW5kLWludm9jYXRpb25zIFwKICAgICAgICAtLWNvbW1hbmQtaWQgIiRDT01NQU5EX0lEIiBcCiAgICAgICAgLS1kZXRhaWxzIFwKICAgICAgICAtLXF1ZXJ5ICJDb21tYW5kSW52b2NhdGlvbnNbMF0uU3RhdHVzIiBcCiAgICAgICAgLS1vdXRwdXQgdGV4dCkKICAgIAogICAgZWNobyAiQ3VycmVudCBzdGF0dXM6ICRTVEFUVVMiCiAgICAKICAgICMgT25seSBicmVhayB0aGUgbG9vcCBpZiB0aGUgY29tbWFuZCBzdWNjZWVkZWQKICAgIGlmIFtbICIkU1RBVFVTIiA9PSAiU3VjY2VzcyIgXV07IHRoZW4KICAgICAgIyBGZXRjaCBhbmQgZGlzcGxheSB0aGUgY29tbWFuZCBvdXRwdXQgZWFjaCB0aW1lIHRoZSBzdGF0dXMgaXMgY2hlY2tlZAogICAgICBKT0lOX0NPTU1BTkQ9JChhd3Mgc3NtIGdldC1jb21tYW5kLWludm9jYXRpb24gXAogICAgICAtLWNvbW1hbmQtaWQgIiRDT01NQU5EX0lEIiBcCiAgICAgIC0taW5zdGFuY2UtaWQgIiRNQVNURVJfSU5TVEFOQ0VfSUQiIFwKICAgICAgLS1xdWVyeSAiU3RhbmRhcmRPdXRwdXRDb250ZW50IiBcCiAgICAgIC0tb3V0cHV0IHRleHQpCiAgICAgIAogICAgICBlY2hvICJKb2luIENvbW1hbmQ6ICRKT0lOX0NPTU1BTkQgZW5kcyBoZXJlIgogICAgICAKICAgICAgc3VkbyAkSk9JTl9DT01NQU5EIC0tbm9kZS1uYW1lICRNWV9JTlNUQU5DRV9JRAogICAgICAKICAgICAgYnJlYWsKICAgIGZpCgogICAgaWYgW1sgIiRTVEFUVVMiID09ICJGYWlsZWQiIF1dOyB0aGVuCiAgICAgIENPTU1BTkRfSUQ9JChhd3Mgc3NtIHNlbmQtY29tbWFuZCBcCiAgICAgIC0taW5zdGFuY2UtaWRzICIkTUFTVEVSX0lOU1RBTkNFX0lEIiBcCiAgICAgIC0tZG9jdW1lbnQtbmFtZSAiQVdTLVJ1blNoZWxsU2NyaXB0IiBcCiAgICAgIC0tcGFyYW1ldGVycyBjb21tYW5kcz0iJENPTU1BTkQiIFwKICAgICAgLS1xdWVyeSAiQ29tbWFuZC5Db21tYW5kSWQiIFwKICAgICAgLS1vdXRwdXQgdGV4dCkKICAgIGZpCgogICAgZWNobyAiU2xlZXBpbmcgZm9yIDEwIHNlY29uZHMuLi4iCiAgICAKICAgIHNsZWVwIDEwCmRvbmU=",
            "vpc_security_group_ids": [
              "sg-01ea920e733bef4ee"
            ]
          },
          "sensitive_attributes": [],
          "private": "bnVsbA==",
          "dependencies": [
            "aws_iam_instance_profile.instance-profile-for-worker-node",
            "aws_iam_role.worker-node-role"
          ]
        }
      ]
    },
    {
      "mode": "managed",
      "type": "aws_ssm_parameter",
      "name": "master-node-id-param",
      "provider": "provider[\"registry.terraform.io/hashicorp/aws\"]",
      "instances": [
        {
          "schema_version": 0,
          "attributes": {
            "allowed_pattern": "",
            "arn": "arn:aws:ssm:ap-south-1:975049939172:parameter/k8s-on-spot/master-node-id",
            "data_type": "text",
            "description": "",
            "id": "/k8s-on-spot/master-node-id",
            "insecure_value": null,
            "key_id": "",
            "name": "/k8s-on-spot/master-node-id",
            "overwrite": null,
            "tags": {},
            "tags_all": {},
            "tier": "Standard",
            "type": "String",
            "value": "i-072c532c22ba4ad82",
            "version": 1
          },
          "sensitive_attributes": [
            [
              {
                "type": "get_attr",
                "value": "value"
              }
            ]
          ],
          "private": "bnVsbA==",
          "dependencies": [
            "aws_iam_instance_profile.instance-profile-for-master-node",
            "aws_iam_role.master-node-role",
            "aws_instance.master-node"
          ]
        }
      ]
    }
  ],
  "check_results": null
}
